
Microsoft Visual Studio Solution File, Format Version 12.00
# Visual Studio 15
VisualStudioVersion = 15.0.27703.2026
MinimumVisualStudioVersion = 10.0.40219.1
Project("{FAE04EC0-301F-11D3-BF4B-00C04F79EFBC}") = "CharliesSnackBar", "CharliesSnackBar\CharliesSnackBar.csproj", "{FA41F9B6-556D-4A76-95C8-33E64EAA4B57}"
EndProject
Global
	GlobalSection(SolutionConfigurationPlatforms) = preSolution
		Debug|Any CPU = Debug|Any CPU
		Release|Any CPU = Release|Any CPU
	EndGlobalSection
	GlobalSection(ProjectConfigurationPlatforms) = postSolution
		{FA41F9B6-556D-4A76-95C8-33E64EAA4B57}.Debug|Any CPU.ActiveCfg = Debug|Any CPU
		{FA41F9B6-556D-4A76-95C8-33E64EAA4B57}.Debug|Any CPU.Build.0 = Debug|Any CPU
		{FA41F9B6-556D-4A76-95C8-33E64EAA4B57}.Release|Any CPU.ActiveCfg = Release|Any CPU
		{FA41F9B6-556D-4A76-95C8-33E64EAA4B57}.Release|Any CPU.Build.0 = Release|Any CPU
	EndGlobalSection
	GlobalSection(SolutionProperties) = preSolution
		HideSolutionNode = FALSE
	EndGlobalSection
	GlobalSection(ExtensibilityGlobals) = postSolution
		SolutionGuid = {672E5A46-6350-4B41-9457-1F9D27F99729}
	EndGlobalSection
EndGlobal
